
Microsoft Visual Studio Solution File, Format Version 12.00
# Visual Studio 2012
Project("{FAE04EC0-301F-11D3-BF4B-00C04F79EFBC}") = "JoyReactor.Core", "JoyReactor.Core\JoyReactor.Core.csproj", "{E205F32E-24F2-4B73-B9F1-C474813D605B}"
EndProject
Project("{FAE04EC0-301F-11D3-BF4B-00C04F79EFBC}") = "JoyReactor.Core.Tests", "JoyReactor.Core.Tests\JoyReactor.Core.Tests.csproj", "{A5AF8642-6542-445B-9BE8-610B4F4BBFCE}"
EndProject
Project("{2150E333-8FDC-42A3-9474-1A3956D46DE8}") = "Mac", "Mac", "{EE54189B-2D6E-4B28-896F-3AB4F4337EB0}"
EndProject
Project("{FAE04EC0-301F-11D3-BF4B-00C04F79EFBC}") = "JoyReactor.Android", "JoyReactor.Android\JoyReactor.Android.csproj", "{FF269F55-48C8-42BC-A8CC-5BC1C1DBE87F}"
EndProject
Project("{FAE04EC0-301F-11D3-BF4B-00C04F79EFBC}") = "JoyReactor.Ios", "JoyReactor.Ios\JoyReactor.Ios.csproj", "{BB2B74F2-81BF-4DDC-96D6-1F6226D70EFF}"
EndProject
Project("{FAE04EC0-301F-11D3-BF4B-00C04F79EFBC}") = "JoyReactor.Android.Platform", "StaggeredGridViewWrapper\JoyReactor.Android.Platform.csproj", "{0C771503-FD14-436A-A7C0-E2DCE1D5FEC3}"
EndProject
Project("{FAE04EC0-301F-11D3-BF4B-00C04F79EFBC}") = "JoyReactor.WP", "JoyReactor.WP\JoyReactor.WP.csproj", "{A1D41143-372D-4C3C-A899-80DDC834E109}"
EndProject
Global
	GlobalSection(SolutionConfigurationPlatforms) = preSolution
		Ad-Hoc|Any CPU = Ad-Hoc|Any CPU
		Ad-Hoc|ARM = Ad-Hoc|ARM
		Ad-Hoc|iPhone = Ad-Hoc|iPhone
		Ad-Hoc|iPhoneSimulator = Ad-Hoc|iPhoneSimulator
		Ad-Hoc|x86 = Ad-Hoc|x86
		AppStore|Any CPU = AppStore|Any CPU
		AppStore|ARM = AppStore|ARM
		AppStore|iPhone = AppStore|iPhone
		AppStore|iPhoneSimulator = AppStore|iPhoneSimulator
		AppStore|x86 = AppStore|x86
		Debug|Any CPU = Debug|Any CPU
		Debug|ARM = Debug|ARM
		Debug|iPhone = Debug|iPhone
		Debug|iPhoneSimulator = Debug|iPhoneSimulator
		Debug|x86 = Debug|x86
		Release|Any CPU = Release|Any CPU
		Release|ARM = Release|ARM
		Release|iPhone = Release|iPhone
		Release|iPhoneSimulator = Release|iPhoneSimulator
		Release|x86 = Release|x86
	EndGlobalSection
	GlobalSection(ProjectConfigurationPlatforms) = postSolution
		{0C771503-FD14-436A-A7C0-E2DCE1D5FEC3}.Ad-Hoc|Any CPU.ActiveCfg = Release|Any CPU
		{0C771503-FD14-436A-A7C0-E2DCE1D5FEC3}.Ad-Hoc|Any CPU.Build.0 = Release|Any CPU
		{0C771503-FD14-436A-A7C0-E2DCE1D5FEC3}.Ad-Hoc|ARM.ActiveCfg = Debug|Any CPU
		{0C771503-FD14-436A-A7C0-E2DCE1D5FEC3}.Ad-Hoc|iPhone.ActiveCfg = Debug|Any CPU
		{0C771503-FD14-436A-A7C0-E2DCE1D5FEC3}.Ad-Hoc|iPhone.Build.0 = Debug|Any CPU
		{0C771503-FD14-436A-A7C0-E2DCE1D5FEC3}.Ad-Hoc|iPhoneSimulator.ActiveCfg = Release|Any CPU
		{0C771503-FD14-436A-A7C0-E2DCE1D5FEC3}.Ad-Hoc|x86.ActiveCfg = Debug|Any CPU
		{0C771503-FD14-436A-A7C0-E2DCE1D5FEC3}.AppStore|Any CPU.ActiveCfg = Release|Any CPU
		{0C771503-FD14-436A-A7C0-E2DCE1D5FEC3}.AppStore|Any CPU.Build.0 = Release|Any CPU
		{0C771503-FD14-436A-A7C0-E2DCE1D5FEC3}.AppStore|ARM.ActiveCfg = Debug|Any CPU
		{0C771503-FD14-436A-A7C0-E2DCE1D5FEC3}.AppStore|iPhone.ActiveCfg = Debug|Any CPU
		{0C771503-FD14-436A-A7C0-E2DCE1D5FEC3}.AppStore|iPhone.Build.0 = Debug|Any CPU
		{0C771503-FD14-436A-A7C0-E2DCE1D5FEC3}.AppStore|iPhoneSimulator.ActiveCfg = Release|Any CPU
		{0C771503-FD14-436A-A7C0-E2DCE1D5FEC3}.AppStore|x86.ActiveCfg = Debug|Any CPU
		{0C771503-FD14-436A-A7C0-E2DCE1D5FEC3}.Debug|Any CPU.ActiveCfg = Debug|Any CPU
		{0C771503-FD14-436A-A7C0-E2DCE1D5FEC3}.Debug|Any CPU.Build.0 = Debug|Any CPU
		{0C771503-FD14-436A-A7C0-E2DCE1D5FEC3}.Debug|ARM.ActiveCfg = Debug|Any CPU
		{0C771503-FD14-436A-A7C0-E2DCE1D5FEC3}.Debug|iPhone.ActiveCfg = Debug|Any CPU
		{0C771503-FD14-436A-A7C0-E2DCE1D5FEC3}.Debug|iPhone.Build.0 = Debug|Any CPU
		{0C771503-FD14-436A-A7C0-E2DCE1D5FEC3}.Debug|iPhoneSimulator.ActiveCfg = Debug|Any CPU
		{0C771503-FD14-436A-A7C0-E2DCE1D5FEC3}.Debug|iPhoneSimulator.Build.0 = Debug|Any CPU
		{0C771503-FD14-436A-A7C0-E2DCE1D5FEC3}.Debug|x86.ActiveCfg = Debug|Any CPU
		{0C771503-FD14-436A-A7C0-E2DCE1D5FEC3}.Release|Any CPU.ActiveCfg = Release|Any CPU
		{0C771503-FD14-436A-A7C0-E2DCE1D5FEC3}.Release|Any CPU.Build.0 = Release|Any CPU
		{0C771503-FD14-436A-A7C0-E2DCE1D5FEC3}.Release|ARM.ActiveCfg = Release|Any CPU
		{0C771503-FD14-436A-A7C0-E2DCE1D5FEC3}.Release|iPhone.ActiveCfg = Release|Any CPU
		{0C771503-FD14-436A-A7C0-E2DCE1D5FEC3}.Release|iPhone.Build.0 = Release|Any CPU
		{0C771503-FD14-436A-A7C0-E2DCE1D5FEC3}.Release|iPhoneSimulator.ActiveCfg = Release|Any CPU
		{0C771503-FD14-436A-A7C0-E2DCE1D5FEC3}.Release|iPhoneSimulator.Build.0 = Release|Any CPU
		{0C771503-FD14-436A-A7C0-E2DCE1D5FEC3}.Release|x86.ActiveCfg = Release|Any CPU
		{A1D41143-372D-4C3C-A899-80DDC834E109}.Ad-Hoc|Any CPU.ActiveCfg = Release|Any CPU
		{A1D41143-372D-4C3C-A899-80DDC834E109}.Ad-Hoc|Any CPU.Build.0 = Release|Any CPU
		{A1D41143-372D-4C3C-A899-80DDC834E109}.Ad-Hoc|Any CPU.Deploy.0 = Release|Any CPU
		{A1D41143-372D-4C3C-A899-80DDC834E109}.Ad-Hoc|ARM.ActiveCfg = Release|ARM
		{A1D41143-372D-4C3C-A899-80DDC834E109}.Ad-Hoc|ARM.Build.0 = Release|ARM
		{A1D41143-372D-4C3C-A899-80DDC834E109}.Ad-Hoc|ARM.Deploy.0 = Release|ARM
		{A1D41143-372D-4C3C-A899-80DDC834E109}.Ad-Hoc|iPhone.ActiveCfg = Release|Any CPU
		{A1D41143-372D-4C3C-A899-80DDC834E109}.Ad-Hoc|iPhoneSimulator.ActiveCfg = Release|Any CPU
		{A1D41143-372D-4C3C-A899-80DDC834E109}.Ad-Hoc|x86.ActiveCfg = Release|x86
		{A1D41143-372D-4C3C-A899-80DDC834E109}.Ad-Hoc|x86.Build.0 = Release|x86
		{A1D41143-372D-4C3C-A899-80DDC834E109}.Ad-Hoc|x86.Deploy.0 = Release|x86
		{A1D41143-372D-4C3C-A899-80DDC834E109}.AppStore|Any CPU.ActiveCfg = Release|Any CPU
		{A1D41143-372D-4C3C-A899-80DDC834E109}.AppStore|Any CPU.Build.0 = Release|Any CPU
		{A1D41143-372D-4C3C-A899-80DDC834E109}.AppStore|Any CPU.Deploy.0 = Release|Any CPU
		{A1D41143-372D-4C3C-A899-80DDC834E109}.AppStore|ARM.ActiveCfg = Release|ARM
		{A1D41143-372D-4C3C-A899-80DDC834E109}.AppStore|ARM.Build.0 = Release|ARM
		{A1D41143-372D-4C3C-A899-80DDC834E109}.AppStore|ARM.Deploy.0 = Release|ARM
		{A1D41143-372D-4C3C-A899-80DDC834E109}.AppStore|iPhone.ActiveCfg = Release|Any CPU
		{A1D41143-372D-4C3C-A899-80DDC834E109}.AppStore|iPhoneSimulator.ActiveCfg = Release|Any CPU
		{A1D41143-372D-4C3C-A899-80DDC834E109}.AppStore|x86.ActiveCfg = Release|x86
		{A1D41143-372D-4C3C-A899-80DDC834E109}.AppStore|x86.Build.0 = Release|x86
		{A1D41143-372D-4C3C-A899-80DDC834E109}.AppStore|x86.Deploy.0 = Release|x86
		{A1D41143-372D-4C3C-A899-80DDC834E109}.Debug|Any CPU.ActiveCfg = Debug|x86
		{A1D41143-372D-4C3C-A899-80DDC834E109}.Debug|Any CPU.Build.0 = Debug|x86
		{A1D41143-372D-4C3C-A899-80DDC834E109}.Debug|Any CPU.Deploy.0 = Debug|x86
		{A1D41143-372D-4C3C-A899-80DDC834E109}.Debug|ARM.ActiveCfg = Debug|ARM
		{A1D41143-372D-4C3C-A899-80DDC834E109}.Debug|ARM.Build.0 = Debug|ARM
		{A1D41143-372D-4C3C-A899-80DDC834E109}.Debug|ARM.Deploy.0 = Debug|ARM
		{A1D41143-372D-4C3C-A899-80DDC834E109}.Debug|iPhone.ActiveCfg = Debug|Any CPU
		{A1D41143-372D-4C3C-A899-80DDC834E109}.Debug|iPhoneSimulator.ActiveCfg = Debug|Any CPU
		{A1D41143-372D-4C3C-A899-80DDC834E109}.Debug|x86.ActiveCfg = Debug|x86
		{A1D41143-372D-4C3C-A899-80DDC834E109}.Debug|x86.Build.0 = Debug|x86
		{A1D41143-372D-4C3C-A899-80DDC834E109}.Debug|x86.Deploy.0 = Debug|x86
		{A1D41143-372D-4C3C-A899-80DDC834E109}.Release|Any CPU.ActiveCfg = Release|Any CPU
		{A1D41143-372D-4C3C-A899-80DDC834E109}.Release|Any CPU.Build.0 = Release|Any CPU
		{A1D41143-372D-4C3C-A899-80DDC834E109}.Release|Any CPU.Deploy.0 = Release|Any CPU
		{A1D41143-372D-4C3C-A899-80DDC834E109}.Release|ARM.ActiveCfg = Release|ARM
		{A1D41143-372D-4C3C-A899-80DDC834E109}.Release|ARM.Build.0 = Release|ARM
		{A1D41143-372D-4C3C-A899-80DDC834E109}.Release|ARM.Deploy.0 = Release|ARM
		{A1D41143-372D-4C3C-A899-80DDC834E109}.Release|iPhone.ActiveCfg = Release|Any CPU
		{A1D41143-372D-4C3C-A899-80DDC834E109}.Release|iPhoneSimulator.ActiveCfg = Release|Any CPU
		{A1D41143-372D-4C3C-A899-80DDC834E109}.Release|x86.ActiveCfg = Release|x86
		{A1D41143-372D-4C3C-A899-80DDC834E109}.Release|x86.Build.0 = Release|x86
		{A1D41143-372D-4C3C-A899-80DDC834E109}.Release|x86.Deploy.0 = Release|x86
		{A5AF8642-6542-445B-9BE8-610B4F4BBFCE}.Ad-Hoc|Any CPU.ActiveCfg = Release|Any CPU
		{A5AF8642-6542-445B-9BE8-610B4F4BBFCE}.Ad-Hoc|Any CPU.Build.0 = Release|Any CPU
		{A5AF8642-6542-445B-9BE8-610B4F4BBFCE}.Ad-Hoc|ARM.ActiveCfg = Debug|Any CPU
		{A5AF8642-6542-445B-9BE8-610B4F4BBFCE}.Ad-Hoc|iPhone.ActiveCfg = Debug|Any CPU
		{A5AF8642-6542-445B-9BE8-610B4F4BBFCE}.Ad-Hoc|iPhone.Build.0 = Debug|Any CPU
		{A5AF8642-6542-445B-9BE8-610B4F4BBFCE}.Ad-Hoc|iPhoneSimulator.ActiveCfg = Release|Any CPU
		{A5AF8642-6542-445B-9BE8-610B4F4BBFCE}.Ad-Hoc|x86.ActiveCfg = Debug|Any CPU
		{A5AF8642-6542-445B-9BE8-610B4F4BBFCE}.AppStore|Any CPU.ActiveCfg = Release|Any CPU
		{A5AF8642-6542-445B-9BE8-610B4F4BBFCE}.AppStore|Any CPU.Build.0 = Release|Any CPU
		{A5AF8642-6542-445B-9BE8-610B4F4BBFCE}.AppStore|ARM.ActiveCfg = Debug|Any CPU
		{A5AF8642-6542-445B-9BE8-610B4F4BBFCE}.AppStore|iPhone.ActiveCfg = Debug|Any CPU
		{A5AF8642-6542-445B-9BE8-610B4F4BBFCE}.AppStore|iPhone.Build.0 = Debug|Any CPU
		{A5AF8642-6542-445B-9BE8-610B4F4BBFCE}.AppStore|iPhoneSimulator.ActiveCfg = Release|Any CPU
		{A5AF8642-6542-445B-9BE8-610B4F4BBFCE}.AppStore|x86.ActiveCfg = Debug|Any CPU
		{A5AF8642-6542-445B-9BE8-610B4F4BBFCE}.Debug|Any CPU.ActiveCfg = Debug|Any CPU
		{A5AF8642-6542-445B-9BE8-610B4F4BBFCE}.Debug|Any CPU.Build.0 = Debug|Any CPU
		{A5AF8642-6542-445B-9BE8-610B4F4BBFCE}.Debug|ARM.ActiveCfg = Debug|Any CPU
		{A5AF8642-6542-445B-9BE8-610B4F4BBFCE}.Debug|ARM.Build.0 = Debug|Any CPU
		{A5AF8642-6542-445B-9BE8-610B4F4BBFCE}.Debug|iPhone.ActiveCfg = Debug|Any CPU
		{A5AF8642-6542-445B-9BE8-610B4F4BBFCE}.Debug|iPhone.Build.0 = Debug|Any CPU
		{A5AF8642-6542-445B-9BE8-610B4F4BBFCE}.Debug|iPhoneSimulator.ActiveCfg = Debug|Any CPU
		{A5AF8642-6542-445B-9BE8-610B4F4BBFCE}.Debug|iPhoneSimulator.Build.0 = Debug|Any CPU
		{A5AF8642-6542-445B-9BE8-610B4F4BBFCE}.Debug|x86.ActiveCfg = Debug|Any CPU
		{A5AF8642-6542-445B-9BE8-610B4F4BBFCE}.Release|Any CPU.ActiveCfg = Release|Any CPU
		{A5AF8642-6542-445B-9BE8-610B4F4BBFCE}.Release|Any CPU.Build.0 = Release|Any CPU
		{A5AF8642-6542-445B-9BE8-610B4F4BBFCE}.Release|ARM.ActiveCfg = Release|Any CPU
		{A5AF8642-6542-445B-9BE8-610B4F4BBFCE}.Release|iPhone.ActiveCfg = Release|Any CPU
		{A5AF8642-6542-445B-9BE8-610B4F4BBFCE}.Release|iPhone.Build.0 = Release|Any CPU
		{A5AF8642-6542-445B-9BE8-610B4F4BBFCE}.Release|iPhoneSimulator.ActiveCfg = Release|Any CPU
		{A5AF8642-6542-445B-9BE8-610B4F4BBFCE}.Release|iPhoneSimulator.Build.0 = Release|Any CPU
		{A5AF8642-6542-445B-9BE8-610B4F4BBFCE}.Release|x86.ActiveCfg = Release|Any CPU
		{BB2B74F2-81BF-4DDC-96D6-1F6226D70EFF}.Ad-Hoc|Any CPU.ActiveCfg = Ad-Hoc|iPhoneSimulator
		{BB2B74F2-81BF-4DDC-96D6-1F6226D70EFF}.Ad-Hoc|ARM.ActiveCfg = Ad-Hoc|iPhone
		{BB2B74F2-81BF-4DDC-96D6-1F6226D70EFF}.Ad-Hoc|iPhone.ActiveCfg = Ad-Hoc|iPhone
		{BB2B74F2-81BF-4DDC-96D6-1F6226D70EFF}.Ad-Hoc|iPhone.Build.0 = Ad-Hoc|iPhone
		{BB2B74F2-81BF-4DDC-96D6-1F6226D70EFF}.Ad-Hoc|iPhoneSimulator.ActiveCfg = Ad-Hoc|iPhoneSimulator
		{BB2B74F2-81BF-4DDC-96D6-1F6226D70EFF}.Ad-Hoc|iPhoneSimulator.Build.0 = Ad-Hoc|iPhoneSimulator
		{BB2B74F2-81BF-4DDC-96D6-1F6226D70EFF}.Ad-Hoc|iPhoneSimulator.Deploy.0 = Ad-Hoc|iPhoneSimulator
		{BB2B74F2-81BF-4DDC-96D6-1F6226D70EFF}.Ad-Hoc|x86.ActiveCfg = Ad-Hoc|iPhone
		{BB2B74F2-81BF-4DDC-96D6-1F6226D70EFF}.AppStore|Any CPU.ActiveCfg = AppStore|iPhoneSimulator
		{BB2B74F2-81BF-4DDC-96D6-1F6226D70EFF}.AppStore|ARM.ActiveCfg = AppStore|iPhone
		{BB2B74F2-81BF-4DDC-96D6-1F6226D70EFF}.AppStore|iPhone.ActiveCfg = AppStore|iPhone
		{BB2B74F2-81BF-4DDC-96D6-1F6226D70EFF}.AppStore|iPhone.Build.0 = AppStore|iPhone
		{BB2B74F2-81BF-4DDC-96D6-1F6226D70EFF}.AppStore|iPhoneSimulator.ActiveCfg = AppStore|iPhoneSimulator
		{BB2B74F2-81BF-4DDC-96D6-1F6226D70EFF}.AppStore|iPhoneSimulator.Build.0 = AppStore|iPhoneSimulator
		{BB2B74F2-81BF-4DDC-96D6-1F6226D70EFF}.AppStore|iPhoneSimulator.Deploy.0 = AppStore|iPhoneSimulator
		{BB2B74F2-81BF-4DDC-96D6-1F6226D70EFF}.AppStore|x86.ActiveCfg = AppStore|iPhone
		{BB2B74F2-81BF-4DDC-96D6-1F6226D70EFF}.Debug|Any CPU.ActiveCfg = Debug|iPhoneSimulator
		{BB2B74F2-81BF-4DDC-96D6-1F6226D70EFF}.Debug|Any CPU.Build.0 = Debug|iPhoneSimulator
		{BB2B74F2-81BF-4DDC-96D6-1F6226D70EFF}.Debug|ARM.ActiveCfg = Debug|iPhone
		{BB2B74F2-81BF-4DDC-96D6-1F6226D70EFF}.Debug|iPhone.ActiveCfg = Debug|iPhone
		{BB2B74F2-81BF-4DDC-96D6-1F6226D70EFF}.Debug|iPhone.Build.0 = Debug|iPhone
		{BB2B74F2-81BF-4DDC-96D6-1F6226D70EFF}.Debug|iPhoneSimulator.ActiveCfg = Debug|iPhoneSimulator
		{BB2B74F2-81BF-4DDC-96D6-1F6226D70EFF}.Debug|iPhoneSimulator.Build.0 = Debug|iPhoneSimulator
		{BB2B74F2-81BF-4DDC-96D6-1F6226D70EFF}.Debug|x86.ActiveCfg = Debug|iPhone
		{BB2B74F2-81BF-4DDC-96D6-1F6226D70EFF}.Release|Any CPU.ActiveCfg = Release|iPhoneSimulator
		{BB2B74F2-81BF-4DDC-96D6-1F6226D70EFF}.Release|Any CPU.Build.0 = Release|iPhoneSimulator
		{BB2B74F2-81BF-4DDC-96D6-1F6226D70EFF}.Release|ARM.ActiveCfg = Release|iPhone
		{BB2B74F2-81BF-4DDC-96D6-1F6226D70EFF}.Release|iPhone.ActiveCfg = Release|iPhone
		{BB2B74F2-81BF-4DDC-96D6-1F6226D70EFF}.Release|iPhone.Build.0 = Release|iPhone
		{BB2B74F2-81BF-4DDC-96D6-1F6226D70EFF}.Release|iPhoneSimulator.ActiveCfg = Release|iPhoneSimulator
		{BB2B74F2-81BF-4DDC-96D6-1F6226D70EFF}.Release|iPhoneSimulator.Build.0 = Release|iPhoneSimulator
		{BB2B74F2-81BF-4DDC-96D6-1F6226D70EFF}.Release|x86.ActiveCfg = Release|iPhone
		{E205F32E-24F2-4B73-B9F1-C474813D605B}.Ad-Hoc|Any CPU.ActiveCfg = Release|Any CPU
		{E205F32E-24F2-4B73-B9F1-C474813D605B}.Ad-Hoc|Any CPU.Build.0 = Release|Any CPU
		{E205F32E-24F2-4B73-B9F1-C474813D605B}.Ad-Hoc|ARM.ActiveCfg = Debug|Any CPU
		{E205F32E-24F2-4B73-B9F1-C474813D605B}.Ad-Hoc|iPhone.ActiveCfg = Debug|Any CPU
		{E205F32E-24F2-4B73-B9F1-C474813D605B}.Ad-Hoc|iPhone.Build.0 = Debug|Any CPU
		{E205F32E-24F2-4B73-B9F1-C474813D605B}.Ad-Hoc|iPhoneSimulator.ActiveCfg = Release|Any CPU
		{E205F32E-24F2-4B73-B9F1-C474813D605B}.Ad-Hoc|x86.ActiveCfg = Debug|Any CPU
		{E205F32E-24F2-4B73-B9F1-C474813D605B}.AppStore|Any CPU.ActiveCfg = Release|Any CPU
		{E205F32E-24F2-4B73-B9F1-C474813D605B}.AppStore|Any CPU.Build.0 = Release|Any CPU
		{E205F32E-24F2-4B73-B9F1-C474813D605B}.AppStore|ARM.ActiveCfg = Debug|Any CPU
		{E205F32E-24F2-4B73-B9F1-C474813D605B}.AppStore|iPhone.ActiveCfg = Debug|Any CPU
		{E205F32E-24F2-4B73-B9F1-C474813D605B}.AppStore|iPhone.Build.0 = Debug|Any CPU
		{E205F32E-24F2-4B73-B9F1-C474813D605B}.AppStore|iPhoneSimulator.ActiveCfg = Release|Any CPU
		{E205F32E-24F2-4B73-B9F1-C474813D605B}.AppStore|x86.ActiveCfg = Debug|Any CPU
		{E205F32E-24F2-4B73-B9F1-C474813D605B}.Debug|Any CPU.ActiveCfg = Debug|Any CPU
		{E205F32E-24F2-4B73-B9F1-C474813D605B}.Debug|Any CPU.Build.0 = Debug|Any CPU
		{E205F32E-24F2-4B73-B9F1-C474813D605B}.Debug|ARM.ActiveCfg = Debug|Any CPU
		{E205F32E-24F2-4B73-B9F1-C474813D605B}.Debug|ARM.Build.0 = Debug|Any CPU
		{E205F32E-24F2-4B73-B9F1-C474813D605B}.Debug|iPhone.ActiveCfg = Debug|Any CPU
		{E205F32E-24F2-4B73-B9F1-C474813D605B}.Debug|iPhone.Build.0 = Debug|Any CPU
		{E205F32E-24F2-4B73-B9F1-C474813D605B}.Debug|iPhoneSimulator.ActiveCfg = Debug|Any CPU
		{E205F32E-24F2-4B73-B9F1-C474813D605B}.Debug|iPhoneSimulator.Build.0 = Debug|Any CPU
		{E205F32E-24F2-4B73-B9F1-C474813D605B}.Debug|x86.ActiveCfg = Debug|Any CPU
		{E205F32E-24F2-4B73-B9F1-C474813D605B}.Release|Any CPU.ActiveCfg = Release|Any CPU
		{E205F32E-24F2-4B73-B9F1-C474813D605B}.Release|Any CPU.Build.0 = Release|Any CPU
		{E205F32E-24F2-4B73-B9F1-C474813D605B}.Release|ARM.ActiveCfg = Release|Any CPU
		{E205F32E-24F2-4B73-B9F1-C474813D605B}.Release|iPhone.ActiveCfg = Release|Any CPU
		{E205F32E-24F2-4B73-B9F1-C474813D605B}.Release|iPhone.Build.0 = Release|Any CPU
		{E205F32E-24F2-4B73-B9F1-C474813D605B}.Release|iPhoneSimulator.ActiveCfg = Release|Any CPU
		{E205F32E-24F2-4B73-B9F1-C474813D605B}.Release|iPhoneSimulator.Build.0 = Release|Any CPU
		{E205F32E-24F2-4B73-B9F1-C474813D605B}.Release|x86.ActiveCfg = Release|Any CPU
		{FF269F55-48C8-42BC-A8CC-5BC1C1DBE87F}.Ad-Hoc|Any CPU.ActiveCfg = Release|Any CPU
		{FF269F55-48C8-42BC-A8CC-5BC1C1DBE87F}.Ad-Hoc|Any CPU.Build.0 = Release|Any CPU
		{FF269F55-48C8-42BC-A8CC-5BC1C1DBE87F}.Ad-Hoc|Any CPU.Deploy.0 = Release|Any CPU
		{FF269F55-48C8-42BC-A8CC-5BC1C1DBE87F}.Ad-Hoc|ARM.ActiveCfg = Debug|Any CPU
		{FF269F55-48C8-42BC-A8CC-5BC1C1DBE87F}.Ad-Hoc|iPhone.ActiveCfg = Debug|Any CPU
		{FF269F55-48C8-42BC-A8CC-5BC1C1DBE87F}.Ad-Hoc|iPhone.Build.0 = Debug|Any CPU
		{FF269F55-48C8-42BC-A8CC-5BC1C1DBE87F}.Ad-Hoc|iPhoneSimulator.ActiveCfg = Release|Any CPU
		{FF269F55-48C8-42BC-A8CC-5BC1C1DBE87F}.Ad-Hoc|x86.ActiveCfg = Debug|Any CPU
		{FF269F55-48C8-42BC-A8CC-5BC1C1DBE87F}.AppStore|Any CPU.ActiveCfg = Release|Any CPU
		{FF269F55-48C8-42BC-A8CC-5BC1C1DBE87F}.AppStore|Any CPU.Build.0 = Release|Any CPU
		{FF269F55-48C8-42BC-A8CC-5BC1C1DBE87F}.AppStore|Any CPU.Deploy.0 = Release|Any CPU
		{FF269F55-48C8-42BC-A8CC-5BC1C1DBE87F}.AppStore|ARM.ActiveCfg = Debug|Any CPU
		{FF269F55-48C8-42BC-A8CC-5BC1C1DBE87F}.AppStore|iPhone.ActiveCfg = Debug|Any CPU
		{FF269F55-48C8-42BC-A8CC-5BC1C1DBE87F}.AppStore|iPhone.Build.0 = Debug|Any CPU
		{FF269F55-48C8-42BC-A8CC-5BC1C1DBE87F}.AppStore|iPhoneSimulator.ActiveCfg = Release|Any CPU
		{FF269F55-48C8-42BC-A8CC-5BC1C1DBE87F}.AppStore|x86.ActiveCfg = Debug|Any CPU
		{FF269F55-48C8-42BC-A8CC-5BC1C1DBE87F}.Debug|Any CPU.ActiveCfg = Debug|Any CPU
		{FF269F55-48C8-42BC-A8CC-5BC1C1DBE87F}.Debug|Any CPU.Build.0 = Debug|Any CPU
		{FF269F55-48C8-42BC-A8CC-5BC1C1DBE87F}.Debug|ARM.ActiveCfg = Debug|Any CPU
		{FF269F55-48C8-42BC-A8CC-5BC1C1DBE87F}.Debug|iPhone.ActiveCfg = Debug|Any CPU
		{FF269F55-48C8-42BC-A8CC-5BC1C1DBE87F}.Debug|iPhone.Build.0 = Debug|Any CPU
		{FF269F55-48C8-42BC-A8CC-5BC1C1DBE87F}.Debug|iPhoneSimulator.ActiveCfg = Debug|Any CPU
		{FF269F55-48C8-42BC-A8CC-5BC1C1DBE87F}.Debug|iPhoneSimulator.Build.0 = Debug|Any CPU
		{FF269F55-48C8-42BC-A8CC-5BC1C1DBE87F}.Debug|x86.ActiveCfg = Debug|Any CPU
		{FF269F55-48C8-42BC-A8CC-5BC1C1DBE87F}.Release|Any CPU.ActiveCfg = Release|Any CPU
		{FF269F55-48C8-42BC-A8CC-5BC1C1DBE87F}.Release|Any CPU.Build.0 = Release|Any CPU
		{FF269F55-48C8-42BC-A8CC-5BC1C1DBE87F}.Release|ARM.ActiveCfg = Release|Any CPU
		{FF269F55-48C8-42BC-A8CC-5BC1C1DBE87F}.Release|iPhone.ActiveCfg = Release|Any CPU
		{FF269F55-48C8-42BC-A8CC-5BC1C1DBE87F}.Release|iPhone.Build.0 = Release|Any CPU
		{FF269F55-48C8-42BC-A8CC-5BC1C1DBE87F}.Release|iPhoneSimulator.ActiveCfg = Release|Any CPU
		{FF269F55-48C8-42BC-A8CC-5BC1C1DBE87F}.Release|iPhoneSimulator.Build.0 = Release|Any CPU
		{FF269F55-48C8-42BC-A8CC-5BC1C1DBE87F}.Release|x86.ActiveCfg = Release|Any CPU
	EndGlobalSection
	GlobalSection(NestedProjects) = preSolution
		{FF269F55-48C8-42BC-A8CC-5BC1C1DBE87F} = {EE54189B-2D6E-4B28-896F-3AB4F4337EB0}
		{BB2B74F2-81BF-4DDC-96D6-1F6226D70EFF} = {EE54189B-2D6E-4B28-896F-3AB4F4337EB0}
		{0C771503-FD14-436A-A7C0-E2DCE1D5FEC3} = {EE54189B-2D6E-4B28-896F-3AB4F4337EB0}
	EndGlobalSection
	GlobalSection(MonoDevelopProperties) = preSolution
		StartupItem = JoyReactor.Android\JoyReactor.Android.csproj
		Policies = $0
		$0.DotNetNamingPolicy = $1
		$1.DirectoryNamespaceAssociation = PrefixedHierarchical
		$1.ResourceNamePolicy = FileFormatDefault
	EndGlobalSection
	GlobalSection(SolutionProperties) = preSolution
		HideSolutionNode = FALSE
	EndGlobalSection
EndGlobal
