
Microsoft Visual Studio Solution File, Format Version 12.00
# Visual Studio 2012
VisualStudioVersion = 14.0.22310.1
MinimumVisualStudioVersion = 10.0.40219.1
Project("{2150E333-8FDC-42A3-9474-1A3956D46DE8}") = "iOS", "iOS", "{EE54189B-2D6E-4B28-896F-3AB4F4337EB0}"
EndProject
Project("{FAE04EC0-301F-11D3-BF4B-00C04F79EFBC}") = "JoyReactor.Ios", "JoyReactor.Ios\JoyReactor.Ios.csproj", "{BB2B74F2-81BF-4DDC-96D6-1F6226D70EFF}"
EndProject
Project("{2150E333-8FDC-42A3-9474-1A3956D46DE8}") = "Core", "Core", "{04D4FDCD-63D0-4BB2-A816-4DC8ABE8E99B}"
EndProject
Project("{FAE04EC0-301F-11D3-BF4B-00C04F79EFBC}") = "JoyReactor.Core", "JoyReactor.Core\JoyReactor.Core.csproj", "{E205F32E-24F2-4B73-B9F1-C474813D605B}"
EndProject
Project("{FAE04EC0-301F-11D3-BF4B-00C04F79EFBC}") = "JoyReactor.Core.Tests", "JoyReactor.Core.Tests\JoyReactor.Core.Tests.csproj", "{A5AF8642-6542-445B-9BE8-610B4F4BBFCE}"
EndProject
Project("{2150E333-8FDC-42A3-9474-1A3956D46DE8}") = "Android", "Android", "{CC75DB3F-0312-4BA0-A4B8-7FB9E657D635}"
EndProject
Project("{FAE04EC0-301F-11D3-BF4B-00C04F79EFBC}") = "JoyReactor.Android", "JoyReactor.Android\JoyReactor.Android.csproj", "{C8E57538-8B6C-4BBE-BECE-C77DF342E022}"
EndProject
Project("{FAE04EC0-301F-11D3-BF4B-00C04F79EFBC}") = "JoyReactor.Android.Platform", "StaggeredGridViewWrapper\JoyReactor.Android.Platform.csproj", "{0C771503-FD14-436A-A7C0-E2DCE1D5FEC3}"
EndProject
Project("{2150E333-8FDC-42A3-9474-1A3956D46DE8}") = "Windows", "Windows", "{82B7E2EB-7602-4BC9-B02B-367E091E9C36}"
EndProject
Project("{D954291E-2A0B-460D-934E-DC6B0785DB48}") = "JoyReactor.Shared", "JoyReactor\JoyReactor.Shared\JoyReactor.Shared.shproj", "{1A2D9424-B0BD-49B9-93D7-81A1562F38EE}"
EndProject
Project("{FAE04EC0-301F-11D3-BF4B-00C04F79EFBC}") = "JoyReactor.Windows", "JoyReactor\JoyReactor.Windows\JoyReactor.Windows.csproj", "{F83E128F-2EF0-469B-B5AF-F96279D45AB3}"
EndProject
Project("{FAE04EC0-301F-11D3-BF4B-00C04F79EFBC}") = "JoyReactor.WindowsPhone", "JoyReactor\JoyReactor.WindowsPhone\JoyReactor.WindowsPhone.csproj", "{DAEF566D-25AE-4894-B280-9FFDBC0CD7CD}"
EndProject
Global
	GlobalSection(SolutionConfigurationPlatforms) = preSolution
		Ad-Hoc|Any CPU = Ad-Hoc|Any CPU
		Ad-Hoc|ARM = Ad-Hoc|ARM
		Ad-Hoc|iPhone = Ad-Hoc|iPhone
		Ad-Hoc|iPhoneSimulator = Ad-Hoc|iPhoneSimulator
		Ad-Hoc|x64 = Ad-Hoc|x64
		Ad-Hoc|x86 = Ad-Hoc|x86
		AppStore|Any CPU = AppStore|Any CPU
		AppStore|ARM = AppStore|ARM
		AppStore|iPhone = AppStore|iPhone
		AppStore|iPhoneSimulator = AppStore|iPhoneSimulator
		AppStore|x64 = AppStore|x64
		AppStore|x86 = AppStore|x86
		Debug|Any CPU = Debug|Any CPU
		Debug|ARM = Debug|ARM
		Debug|iPhone = Debug|iPhone
		Debug|iPhoneSimulator = Debug|iPhoneSimulator
		Debug|x64 = Debug|x64
		Debug|x86 = Debug|x86
		Release|Any CPU = Release|Any CPU
		Release|ARM = Release|ARM
		Release|iPhone = Release|iPhone
		Release|iPhoneSimulator = Release|iPhoneSimulator
		Release|x64 = Release|x64
		Release|x86 = Release|x86
	EndGlobalSection
	GlobalSection(ProjectConfigurationPlatforms) = postSolution
		{0C771503-FD14-436A-A7C0-E2DCE1D5FEC3}.Ad-Hoc|Any CPU.ActiveCfg = Release|Any CPU
		{0C771503-FD14-436A-A7C0-E2DCE1D5FEC3}.Ad-Hoc|Any CPU.Build.0 = Release|Any CPU
		{0C771503-FD14-436A-A7C0-E2DCE1D5FEC3}.Ad-Hoc|ARM.ActiveCfg = Debug|Any CPU
		{0C771503-FD14-436A-A7C0-E2DCE1D5FEC3}.Ad-Hoc|iPhone.ActiveCfg = Debug|Any CPU
		{0C771503-FD14-436A-A7C0-E2DCE1D5FEC3}.Ad-Hoc|iPhone.Build.0 = Debug|Any CPU
		{0C771503-FD14-436A-A7C0-E2DCE1D5FEC3}.Ad-Hoc|iPhoneSimulator.ActiveCfg = Release|Any CPU
		{0C771503-FD14-436A-A7C0-E2DCE1D5FEC3}.Ad-Hoc|x64.ActiveCfg = Debug|Any CPU
		{0C771503-FD14-436A-A7C0-E2DCE1D5FEC3}.Ad-Hoc|x86.ActiveCfg = Debug|Any CPU
		{0C771503-FD14-436A-A7C0-E2DCE1D5FEC3}.AppStore|Any CPU.ActiveCfg = Release|Any CPU
		{0C771503-FD14-436A-A7C0-E2DCE1D5FEC3}.AppStore|Any CPU.Build.0 = Release|Any CPU
		{0C771503-FD14-436A-A7C0-E2DCE1D5FEC3}.AppStore|ARM.ActiveCfg = Debug|Any CPU
		{0C771503-FD14-436A-A7C0-E2DCE1D5FEC3}.AppStore|iPhone.ActiveCfg = Debug|Any CPU
		{0C771503-FD14-436A-A7C0-E2DCE1D5FEC3}.AppStore|iPhone.Build.0 = Debug|Any CPU
		{0C771503-FD14-436A-A7C0-E2DCE1D5FEC3}.AppStore|iPhoneSimulator.ActiveCfg = Release|Any CPU
		{0C771503-FD14-436A-A7C0-E2DCE1D5FEC3}.AppStore|x64.ActiveCfg = Debug|Any CPU
		{0C771503-FD14-436A-A7C0-E2DCE1D5FEC3}.AppStore|x86.ActiveCfg = Debug|Any CPU
		{0C771503-FD14-436A-A7C0-E2DCE1D5FEC3}.Debug|Any CPU.ActiveCfg = Debug|Any CPU
		{0C771503-FD14-436A-A7C0-E2DCE1D5FEC3}.Debug|Any CPU.Build.0 = Debug|Any CPU
		{0C771503-FD14-436A-A7C0-E2DCE1D5FEC3}.Debug|ARM.ActiveCfg = Debug|Any CPU
		{0C771503-FD14-436A-A7C0-E2DCE1D5FEC3}.Debug|iPhone.ActiveCfg = Debug|Any CPU
		{0C771503-FD14-436A-A7C0-E2DCE1D5FEC3}.Debug|iPhone.Build.0 = Debug|Any CPU
		{0C771503-FD14-436A-A7C0-E2DCE1D5FEC3}.Debug|iPhoneSimulator.ActiveCfg = Debug|Any CPU
		{0C771503-FD14-436A-A7C0-E2DCE1D5FEC3}.Debug|iPhoneSimulator.Build.0 = Debug|Any CPU
		{0C771503-FD14-436A-A7C0-E2DCE1D5FEC3}.Debug|x64.ActiveCfg = Debug|Any CPU
		{0C771503-FD14-436A-A7C0-E2DCE1D5FEC3}.Debug|x86.ActiveCfg = Debug|Any CPU
		{0C771503-FD14-436A-A7C0-E2DCE1D5FEC3}.Release|Any CPU.ActiveCfg = Release|Any CPU
		{0C771503-FD14-436A-A7C0-E2DCE1D5FEC3}.Release|Any CPU.Build.0 = Release|Any CPU
		{0C771503-FD14-436A-A7C0-E2DCE1D5FEC3}.Release|ARM.ActiveCfg = Release|Any CPU
		{0C771503-FD14-436A-A7C0-E2DCE1D5FEC3}.Release|iPhone.ActiveCfg = Release|Any CPU
		{0C771503-FD14-436A-A7C0-E2DCE1D5FEC3}.Release|iPhone.Build.0 = Release|Any CPU
		{0C771503-FD14-436A-A7C0-E2DCE1D5FEC3}.Release|iPhoneSimulator.ActiveCfg = Release|Any CPU
		{0C771503-FD14-436A-A7C0-E2DCE1D5FEC3}.Release|iPhoneSimulator.Build.0 = Release|Any CPU
		{0C771503-FD14-436A-A7C0-E2DCE1D5FEC3}.Release|x64.ActiveCfg = Release|Any CPU
		{0C771503-FD14-436A-A7C0-E2DCE1D5FEC3}.Release|x86.ActiveCfg = Release|Any CPU
		{A5AF8642-6542-445B-9BE8-610B4F4BBFCE}.Ad-Hoc|Any CPU.ActiveCfg = Release|Any CPU
		{A5AF8642-6542-445B-9BE8-610B4F4BBFCE}.Ad-Hoc|Any CPU.Build.0 = Release|Any CPU
		{A5AF8642-6542-445B-9BE8-610B4F4BBFCE}.Ad-Hoc|ARM.ActiveCfg = Debug|Any CPU
		{A5AF8642-6542-445B-9BE8-610B4F4BBFCE}.Ad-Hoc|iPhone.ActiveCfg = Debug|Any CPU
		{A5AF8642-6542-445B-9BE8-610B4F4BBFCE}.Ad-Hoc|iPhone.Build.0 = Debug|Any CPU
		{A5AF8642-6542-445B-9BE8-610B4F4BBFCE}.Ad-Hoc|iPhoneSimulator.ActiveCfg = Release|Any CPU
		{A5AF8642-6542-445B-9BE8-610B4F4BBFCE}.Ad-Hoc|x64.ActiveCfg = Debug|Any CPU
		{A5AF8642-6542-445B-9BE8-610B4F4BBFCE}.Ad-Hoc|x64.Build.0 = Debug|Any CPU
		{A5AF8642-6542-445B-9BE8-610B4F4BBFCE}.Ad-Hoc|x86.ActiveCfg = Debug|Any CPU
		{A5AF8642-6542-445B-9BE8-610B4F4BBFCE}.AppStore|Any CPU.ActiveCfg = Release|Any CPU
		{A5AF8642-6542-445B-9BE8-610B4F4BBFCE}.AppStore|Any CPU.Build.0 = Release|Any CPU
		{A5AF8642-6542-445B-9BE8-610B4F4BBFCE}.AppStore|ARM.ActiveCfg = Debug|Any CPU
		{A5AF8642-6542-445B-9BE8-610B4F4BBFCE}.AppStore|iPhone.ActiveCfg = Debug|Any CPU
		{A5AF8642-6542-445B-9BE8-610B4F4BBFCE}.AppStore|iPhone.Build.0 = Debug|Any CPU
		{A5AF8642-6542-445B-9BE8-610B4F4BBFCE}.AppStore|iPhoneSimulator.ActiveCfg = Release|Any CPU
		{A5AF8642-6542-445B-9BE8-610B4F4BBFCE}.AppStore|x64.ActiveCfg = Debug|Any CPU
		{A5AF8642-6542-445B-9BE8-610B4F4BBFCE}.AppStore|x64.Build.0 = Debug|Any CPU
		{A5AF8642-6542-445B-9BE8-610B4F4BBFCE}.AppStore|x86.ActiveCfg = Debug|Any CPU
		{A5AF8642-6542-445B-9BE8-610B4F4BBFCE}.Debug|Any CPU.ActiveCfg = Debug|Any CPU
		{A5AF8642-6542-445B-9BE8-610B4F4BBFCE}.Debug|Any CPU.Build.0 = Debug|Any CPU
		{A5AF8642-6542-445B-9BE8-610B4F4BBFCE}.Debug|ARM.ActiveCfg = Debug|Any CPU
		{A5AF8642-6542-445B-9BE8-610B4F4BBFCE}.Debug|ARM.Build.0 = Debug|Any CPU
		{A5AF8642-6542-445B-9BE8-610B4F4BBFCE}.Debug|iPhone.ActiveCfg = Debug|Any CPU
		{A5AF8642-6542-445B-9BE8-610B4F4BBFCE}.Debug|iPhone.Build.0 = Debug|Any CPU
		{A5AF8642-6542-445B-9BE8-610B4F4BBFCE}.Debug|iPhoneSimulator.ActiveCfg = Debug|Any CPU
		{A5AF8642-6542-445B-9BE8-610B4F4BBFCE}.Debug|iPhoneSimulator.Build.0 = Debug|Any CPU
		{A5AF8642-6542-445B-9BE8-610B4F4BBFCE}.Debug|x64.ActiveCfg = Debug|Any CPU
		{A5AF8642-6542-445B-9BE8-610B4F4BBFCE}.Debug|x64.Build.0 = Debug|Any CPU
		{A5AF8642-6542-445B-9BE8-610B4F4BBFCE}.Debug|x86.ActiveCfg = Debug|Any CPU
		{A5AF8642-6542-445B-9BE8-610B4F4BBFCE}.Release|Any CPU.ActiveCfg = Release|Any CPU
		{A5AF8642-6542-445B-9BE8-610B4F4BBFCE}.Release|Any CPU.Build.0 = Release|Any CPU
		{A5AF8642-6542-445B-9BE8-610B4F4BBFCE}.Release|ARM.ActiveCfg = Release|Any CPU
		{A5AF8642-6542-445B-9BE8-610B4F4BBFCE}.Release|iPhone.ActiveCfg = Release|Any CPU
		{A5AF8642-6542-445B-9BE8-610B4F4BBFCE}.Release|iPhone.Build.0 = Release|Any CPU
		{A5AF8642-6542-445B-9BE8-610B4F4BBFCE}.Release|iPhoneSimulator.ActiveCfg = Release|Any CPU
		{A5AF8642-6542-445B-9BE8-610B4F4BBFCE}.Release|iPhoneSimulator.Build.0 = Release|Any CPU
		{A5AF8642-6542-445B-9BE8-610B4F4BBFCE}.Release|x64.ActiveCfg = Release|Any CPU
		{A5AF8642-6542-445B-9BE8-610B4F4BBFCE}.Release|x64.Build.0 = Release|Any CPU
		{A5AF8642-6542-445B-9BE8-610B4F4BBFCE}.Release|x86.ActiveCfg = Release|Any CPU
		{BB2B74F2-81BF-4DDC-96D6-1F6226D70EFF}.Ad-Hoc|Any CPU.ActiveCfg = Ad-Hoc|iPhoneSimulator
		{BB2B74F2-81BF-4DDC-96D6-1F6226D70EFF}.Ad-Hoc|ARM.ActiveCfg = Ad-Hoc|iPhone
		{BB2B74F2-81BF-4DDC-96D6-1F6226D70EFF}.Ad-Hoc|iPhone.ActiveCfg = Ad-Hoc|iPhone
		{BB2B74F2-81BF-4DDC-96D6-1F6226D70EFF}.Ad-Hoc|iPhone.Build.0 = Ad-Hoc|iPhone
		{BB2B74F2-81BF-4DDC-96D6-1F6226D70EFF}.Ad-Hoc|iPhoneSimulator.ActiveCfg = Ad-Hoc|iPhoneSimulator
		{BB2B74F2-81BF-4DDC-96D6-1F6226D70EFF}.Ad-Hoc|iPhoneSimulator.Build.0 = Ad-Hoc|iPhoneSimulator
		{BB2B74F2-81BF-4DDC-96D6-1F6226D70EFF}.Ad-Hoc|iPhoneSimulator.Deploy.0 = Ad-Hoc|iPhoneSimulator
		{BB2B74F2-81BF-4DDC-96D6-1F6226D70EFF}.Ad-Hoc|x64.ActiveCfg = Ad-Hoc|iPhone
		{BB2B74F2-81BF-4DDC-96D6-1F6226D70EFF}.Ad-Hoc|x86.ActiveCfg = Ad-Hoc|iPhone
		{BB2B74F2-81BF-4DDC-96D6-1F6226D70EFF}.AppStore|Any CPU.ActiveCfg = AppStore|iPhoneSimulator
		{BB2B74F2-81BF-4DDC-96D6-1F6226D70EFF}.AppStore|ARM.ActiveCfg = AppStore|iPhone
		{BB2B74F2-81BF-4DDC-96D6-1F6226D70EFF}.AppStore|iPhone.ActiveCfg = AppStore|iPhone
		{BB2B74F2-81BF-4DDC-96D6-1F6226D70EFF}.AppStore|iPhone.Build.0 = AppStore|iPhone
		{BB2B74F2-81BF-4DDC-96D6-1F6226D70EFF}.AppStore|iPhoneSimulator.ActiveCfg = AppStore|iPhoneSimulator
		{BB2B74F2-81BF-4DDC-96D6-1F6226D70EFF}.AppStore|iPhoneSimulator.Build.0 = AppStore|iPhoneSimulator
		{BB2B74F2-81BF-4DDC-96D6-1F6226D70EFF}.AppStore|iPhoneSimulator.Deploy.0 = AppStore|iPhoneSimulator
		{BB2B74F2-81BF-4DDC-96D6-1F6226D70EFF}.AppStore|x64.ActiveCfg = AppStore|iPhone
		{BB2B74F2-81BF-4DDC-96D6-1F6226D70EFF}.AppStore|x86.ActiveCfg = AppStore|iPhone
		{BB2B74F2-81BF-4DDC-96D6-1F6226D70EFF}.Debug|Any CPU.ActiveCfg = Debug|iPhoneSimulator
		{BB2B74F2-81BF-4DDC-96D6-1F6226D70EFF}.Debug|Any CPU.Build.0 = Debug|iPhoneSimulator
		{BB2B74F2-81BF-4DDC-96D6-1F6226D70EFF}.Debug|ARM.ActiveCfg = Debug|iPhone
		{BB2B74F2-81BF-4DDC-96D6-1F6226D70EFF}.Debug|iPhone.ActiveCfg = Debug|iPhone
		{BB2B74F2-81BF-4DDC-96D6-1F6226D70EFF}.Debug|iPhone.Build.0 = Debug|iPhone
		{BB2B74F2-81BF-4DDC-96D6-1F6226D70EFF}.Debug|iPhoneSimulator.ActiveCfg = Debug|iPhoneSimulator
		{BB2B74F2-81BF-4DDC-96D6-1F6226D70EFF}.Debug|iPhoneSimulator.Build.0 = Debug|iPhoneSimulator
		{BB2B74F2-81BF-4DDC-96D6-1F6226D70EFF}.Debug|x64.ActiveCfg = Debug|iPhone
		{BB2B74F2-81BF-4DDC-96D6-1F6226D70EFF}.Debug|x86.ActiveCfg = Debug|iPhone
		{BB2B74F2-81BF-4DDC-96D6-1F6226D70EFF}.Release|Any CPU.ActiveCfg = Release|iPhoneSimulator
		{BB2B74F2-81BF-4DDC-96D6-1F6226D70EFF}.Release|Any CPU.Build.0 = Release|iPhoneSimulator
		{BB2B74F2-81BF-4DDC-96D6-1F6226D70EFF}.Release|ARM.ActiveCfg = Release|iPhone
		{BB2B74F2-81BF-4DDC-96D6-1F6226D70EFF}.Release|iPhone.ActiveCfg = Release|iPhone
		{BB2B74F2-81BF-4DDC-96D6-1F6226D70EFF}.Release|iPhone.Build.0 = Release|iPhone
		{BB2B74F2-81BF-4DDC-96D6-1F6226D70EFF}.Release|iPhoneSimulator.ActiveCfg = Release|iPhoneSimulator
		{BB2B74F2-81BF-4DDC-96D6-1F6226D70EFF}.Release|iPhoneSimulator.Build.0 = Release|iPhoneSimulator
		{BB2B74F2-81BF-4DDC-96D6-1F6226D70EFF}.Release|x64.ActiveCfg = Release|iPhone
		{BB2B74F2-81BF-4DDC-96D6-1F6226D70EFF}.Release|x86.ActiveCfg = Release|iPhone
		{C8E57538-8B6C-4BBE-BECE-C77DF342E022}.Ad-Hoc|Any CPU.ActiveCfg = Debug|Any CPU
		{C8E57538-8B6C-4BBE-BECE-C77DF342E022}.Ad-Hoc|Any CPU.Build.0 = Debug|Any CPU
		{C8E57538-8B6C-4BBE-BECE-C77DF342E022}.Ad-Hoc|ARM.ActiveCfg = Debug|Any CPU
		{C8E57538-8B6C-4BBE-BECE-C77DF342E022}.Ad-Hoc|ARM.Build.0 = Debug|Any CPU
		{C8E57538-8B6C-4BBE-BECE-C77DF342E022}.Ad-Hoc|iPhone.ActiveCfg = Debug|Any CPU
		{C8E57538-8B6C-4BBE-BECE-C77DF342E022}.Ad-Hoc|iPhone.Build.0 = Debug|Any CPU
		{C8E57538-8B6C-4BBE-BECE-C77DF342E022}.Ad-Hoc|iPhoneSimulator.ActiveCfg = Debug|Any CPU
		{C8E57538-8B6C-4BBE-BECE-C77DF342E022}.Ad-Hoc|iPhoneSimulator.Build.0 = Debug|Any CPU
		{C8E57538-8B6C-4BBE-BECE-C77DF342E022}.Ad-Hoc|x64.ActiveCfg = Release|Any CPU
		{C8E57538-8B6C-4BBE-BECE-C77DF342E022}.Ad-Hoc|x86.ActiveCfg = Debug|Any CPU
		{C8E57538-8B6C-4BBE-BECE-C77DF342E022}.Ad-Hoc|x86.Build.0 = Debug|Any CPU
		{C8E57538-8B6C-4BBE-BECE-C77DF342E022}.AppStore|Any CPU.ActiveCfg = Debug|Any CPU
		{C8E57538-8B6C-4BBE-BECE-C77DF342E022}.AppStore|Any CPU.Build.0 = Debug|Any CPU
		{C8E57538-8B6C-4BBE-BECE-C77DF342E022}.AppStore|ARM.ActiveCfg = Debug|Any CPU
		{C8E57538-8B6C-4BBE-BECE-C77DF342E022}.AppStore|ARM.Build.0 = Debug|Any CPU
		{C8E57538-8B6C-4BBE-BECE-C77DF342E022}.AppStore|iPhone.ActiveCfg = Debug|Any CPU
		{C8E57538-8B6C-4BBE-BECE-C77DF342E022}.AppStore|iPhone.Build.0 = Debug|Any CPU
		{C8E57538-8B6C-4BBE-BECE-C77DF342E022}.AppStore|iPhoneSimulator.ActiveCfg = Debug|Any CPU
		{C8E57538-8B6C-4BBE-BECE-C77DF342E022}.AppStore|iPhoneSimulator.Build.0 = Debug|Any CPU
		{C8E57538-8B6C-4BBE-BECE-C77DF342E022}.AppStore|x64.ActiveCfg = Release|Any CPU
		{C8E57538-8B6C-4BBE-BECE-C77DF342E022}.AppStore|x86.ActiveCfg = Debug|Any CPU
		{C8E57538-8B6C-4BBE-BECE-C77DF342E022}.AppStore|x86.Build.0 = Debug|Any CPU
		{C8E57538-8B6C-4BBE-BECE-C77DF342E022}.Debug|Any CPU.ActiveCfg = Debug|Any CPU
		{C8E57538-8B6C-4BBE-BECE-C77DF342E022}.Debug|Any CPU.Build.0 = Debug|Any CPU
		{C8E57538-8B6C-4BBE-BECE-C77DF342E022}.Debug|ARM.ActiveCfg = Debug|Any CPU
		{C8E57538-8B6C-4BBE-BECE-C77DF342E022}.Debug|ARM.Build.0 = Debug|Any CPU
		{C8E57538-8B6C-4BBE-BECE-C77DF342E022}.Debug|iPhone.ActiveCfg = Debug|Any CPU
		{C8E57538-8B6C-4BBE-BECE-C77DF342E022}.Debug|iPhone.Build.0 = Debug|Any CPU
		{C8E57538-8B6C-4BBE-BECE-C77DF342E022}.Debug|iPhoneSimulator.ActiveCfg = Debug|Any CPU
		{C8E57538-8B6C-4BBE-BECE-C77DF342E022}.Debug|iPhoneSimulator.Build.0 = Debug|Any CPU
		{C8E57538-8B6C-4BBE-BECE-C77DF342E022}.Debug|x64.ActiveCfg = Debug|Any CPU
		{C8E57538-8B6C-4BBE-BECE-C77DF342E022}.Debug|x86.ActiveCfg = Debug|Any CPU
		{C8E57538-8B6C-4BBE-BECE-C77DF342E022}.Debug|x86.Build.0 = Debug|Any CPU
		{C8E57538-8B6C-4BBE-BECE-C77DF342E022}.Release|Any CPU.ActiveCfg = Release|Any CPU
		{C8E57538-8B6C-4BBE-BECE-C77DF342E022}.Release|Any CPU.Build.0 = Release|Any CPU
		{C8E57538-8B6C-4BBE-BECE-C77DF342E022}.Release|ARM.ActiveCfg = Release|Any CPU
		{C8E57538-8B6C-4BBE-BECE-C77DF342E022}.Release|ARM.Build.0 = Release|Any CPU
		{C8E57538-8B6C-4BBE-BECE-C77DF342E022}.Release|iPhone.ActiveCfg = Release|Any CPU
		{C8E57538-8B6C-4BBE-BECE-C77DF342E022}.Release|iPhone.Build.0 = Release|Any CPU
		{C8E57538-8B6C-4BBE-BECE-C77DF342E022}.Release|iPhoneSimulator.ActiveCfg = Release|Any CPU
		{C8E57538-8B6C-4BBE-BECE-C77DF342E022}.Release|iPhoneSimulator.Build.0 = Release|Any CPU
		{C8E57538-8B6C-4BBE-BECE-C77DF342E022}.Release|x64.ActiveCfg = Release|Any CPU
		{C8E57538-8B6C-4BBE-BECE-C77DF342E022}.Release|x86.ActiveCfg = Release|Any CPU
		{C8E57538-8B6C-4BBE-BECE-C77DF342E022}.Release|x86.Build.0 = Release|Any CPU
		{DAEF566D-25AE-4894-B280-9FFDBC0CD7CD}.Ad-Hoc|Any CPU.ActiveCfg = Release|Any CPU
		{DAEF566D-25AE-4894-B280-9FFDBC0CD7CD}.Ad-Hoc|Any CPU.Build.0 = Release|Any CPU
		{DAEF566D-25AE-4894-B280-9FFDBC0CD7CD}.Ad-Hoc|Any CPU.Deploy.0 = Release|Any CPU
		{DAEF566D-25AE-4894-B280-9FFDBC0CD7CD}.Ad-Hoc|ARM.ActiveCfg = Release|ARM
		{DAEF566D-25AE-4894-B280-9FFDBC0CD7CD}.Ad-Hoc|ARM.Build.0 = Release|ARM
		{DAEF566D-25AE-4894-B280-9FFDBC0CD7CD}.Ad-Hoc|ARM.Deploy.0 = Release|ARM
		{DAEF566D-25AE-4894-B280-9FFDBC0CD7CD}.Ad-Hoc|iPhone.ActiveCfg = Release|Any CPU
		{DAEF566D-25AE-4894-B280-9FFDBC0CD7CD}.Ad-Hoc|iPhone.Build.0 = Release|Any CPU
		{DAEF566D-25AE-4894-B280-9FFDBC0CD7CD}.Ad-Hoc|iPhone.Deploy.0 = Release|Any CPU
		{DAEF566D-25AE-4894-B280-9FFDBC0CD7CD}.Ad-Hoc|iPhoneSimulator.ActiveCfg = Release|Any CPU
		{DAEF566D-25AE-4894-B280-9FFDBC0CD7CD}.Ad-Hoc|iPhoneSimulator.Build.0 = Release|Any CPU
		{DAEF566D-25AE-4894-B280-9FFDBC0CD7CD}.Ad-Hoc|iPhoneSimulator.Deploy.0 = Release|Any CPU
		{DAEF566D-25AE-4894-B280-9FFDBC0CD7CD}.Ad-Hoc|x64.ActiveCfg = Release|Any CPU
		{DAEF566D-25AE-4894-B280-9FFDBC0CD7CD}.Ad-Hoc|x64.Build.0 = Release|Any CPU
		{DAEF566D-25AE-4894-B280-9FFDBC0CD7CD}.Ad-Hoc|x64.Deploy.0 = Release|Any CPU
		{DAEF566D-25AE-4894-B280-9FFDBC0CD7CD}.Ad-Hoc|x86.ActiveCfg = Release|x86
		{DAEF566D-25AE-4894-B280-9FFDBC0CD7CD}.Ad-Hoc|x86.Build.0 = Release|x86
		{DAEF566D-25AE-4894-B280-9FFDBC0CD7CD}.Ad-Hoc|x86.Deploy.0 = Release|x86
		{DAEF566D-25AE-4894-B280-9FFDBC0CD7CD}.AppStore|Any CPU.ActiveCfg = Release|Any CPU
		{DAEF566D-25AE-4894-B280-9FFDBC0CD7CD}.AppStore|Any CPU.Build.0 = Release|Any CPU
		{DAEF566D-25AE-4894-B280-9FFDBC0CD7CD}.AppStore|Any CPU.Deploy.0 = Release|Any CPU
		{DAEF566D-25AE-4894-B280-9FFDBC0CD7CD}.AppStore|ARM.ActiveCfg = Release|ARM
		{DAEF566D-25AE-4894-B280-9FFDBC0CD7CD}.AppStore|ARM.Build.0 = Release|ARM
		{DAEF566D-25AE-4894-B280-9FFDBC0CD7CD}.AppStore|ARM.Deploy.0 = Release|ARM
		{DAEF566D-25AE-4894-B280-9FFDBC0CD7CD}.AppStore|iPhone.ActiveCfg = Release|Any CPU
		{DAEF566D-25AE-4894-B280-9FFDBC0CD7CD}.AppStore|iPhone.Build.0 = Release|Any CPU
		{DAEF566D-25AE-4894-B280-9FFDBC0CD7CD}.AppStore|iPhone.Deploy.0 = Release|Any CPU
		{DAEF566D-25AE-4894-B280-9FFDBC0CD7CD}.AppStore|iPhoneSimulator.ActiveCfg = Release|Any CPU
		{DAEF566D-25AE-4894-B280-9FFDBC0CD7CD}.AppStore|iPhoneSimulator.Build.0 = Release|Any CPU
		{DAEF566D-25AE-4894-B280-9FFDBC0CD7CD}.AppStore|iPhoneSimulator.Deploy.0 = Release|Any CPU
		{DAEF566D-25AE-4894-B280-9FFDBC0CD7CD}.AppStore|x64.ActiveCfg = Release|Any CPU
		{DAEF566D-25AE-4894-B280-9FFDBC0CD7CD}.AppStore|x64.Build.0 = Release|Any CPU
		{DAEF566D-25AE-4894-B280-9FFDBC0CD7CD}.AppStore|x64.Deploy.0 = Release|Any CPU
		{DAEF566D-25AE-4894-B280-9FFDBC0CD7CD}.AppStore|x86.ActiveCfg = Release|x86
		{DAEF566D-25AE-4894-B280-9FFDBC0CD7CD}.AppStore|x86.Build.0 = Release|x86
		{DAEF566D-25AE-4894-B280-9FFDBC0CD7CD}.AppStore|x86.Deploy.0 = Release|x86
		{DAEF566D-25AE-4894-B280-9FFDBC0CD7CD}.Debug|Any CPU.ActiveCfg = Debug|Any CPU
		{DAEF566D-25AE-4894-B280-9FFDBC0CD7CD}.Debug|Any CPU.Build.0 = Debug|Any CPU
		{DAEF566D-25AE-4894-B280-9FFDBC0CD7CD}.Debug|Any CPU.Deploy.0 = Debug|Any CPU
		{DAEF566D-25AE-4894-B280-9FFDBC0CD7CD}.Debug|ARM.ActiveCfg = Debug|ARM
		{DAEF566D-25AE-4894-B280-9FFDBC0CD7CD}.Debug|ARM.Build.0 = Debug|ARM
		{DAEF566D-25AE-4894-B280-9FFDBC0CD7CD}.Debug|ARM.Deploy.0 = Debug|ARM
		{DAEF566D-25AE-4894-B280-9FFDBC0CD7CD}.Debug|iPhone.ActiveCfg = Debug|Any CPU
		{DAEF566D-25AE-4894-B280-9FFDBC0CD7CD}.Debug|iPhone.Build.0 = Debug|Any CPU
		{DAEF566D-25AE-4894-B280-9FFDBC0CD7CD}.Debug|iPhone.Deploy.0 = Debug|Any CPU
		{DAEF566D-25AE-4894-B280-9FFDBC0CD7CD}.Debug|iPhoneSimulator.ActiveCfg = Debug|Any CPU
		{DAEF566D-25AE-4894-B280-9FFDBC0CD7CD}.Debug|iPhoneSimulator.Build.0 = Debug|Any CPU
		{DAEF566D-25AE-4894-B280-9FFDBC0CD7CD}.Debug|iPhoneSimulator.Deploy.0 = Debug|Any CPU
		{DAEF566D-25AE-4894-B280-9FFDBC0CD7CD}.Debug|x64.ActiveCfg = Debug|Any CPU
		{DAEF566D-25AE-4894-B280-9FFDBC0CD7CD}.Debug|x64.Build.0 = Debug|Any CPU
		{DAEF566D-25AE-4894-B280-9FFDBC0CD7CD}.Debug|x64.Deploy.0 = Debug|Any CPU
		{DAEF566D-25AE-4894-B280-9FFDBC0CD7CD}.Debug|x86.ActiveCfg = Debug|x86
		{DAEF566D-25AE-4894-B280-9FFDBC0CD7CD}.Debug|x86.Build.0 = Debug|x86
		{DAEF566D-25AE-4894-B280-9FFDBC0CD7CD}.Debug|x86.Deploy.0 = Debug|x86
		{DAEF566D-25AE-4894-B280-9FFDBC0CD7CD}.Release|Any CPU.ActiveCfg = Release|Any CPU
		{DAEF566D-25AE-4894-B280-9FFDBC0CD7CD}.Release|Any CPU.Build.0 = Release|Any CPU
		{DAEF566D-25AE-4894-B280-9FFDBC0CD7CD}.Release|Any CPU.Deploy.0 = Release|Any CPU
		{DAEF566D-25AE-4894-B280-9FFDBC0CD7CD}.Release|ARM.ActiveCfg = Release|ARM
		{DAEF566D-25AE-4894-B280-9FFDBC0CD7CD}.Release|ARM.Build.0 = Release|ARM
		{DAEF566D-25AE-4894-B280-9FFDBC0CD7CD}.Release|ARM.Deploy.0 = Release|ARM
		{DAEF566D-25AE-4894-B280-9FFDBC0CD7CD}.Release|iPhone.ActiveCfg = Release|Any CPU
		{DAEF566D-25AE-4894-B280-9FFDBC0CD7CD}.Release|iPhone.Build.0 = Release|Any CPU
		{DAEF566D-25AE-4894-B280-9FFDBC0CD7CD}.Release|iPhone.Deploy.0 = Release|Any CPU
		{DAEF566D-25AE-4894-B280-9FFDBC0CD7CD}.Release|iPhoneSimulator.ActiveCfg = Release|Any CPU
		{DAEF566D-25AE-4894-B280-9FFDBC0CD7CD}.Release|iPhoneSimulator.Build.0 = Release|Any CPU
		{DAEF566D-25AE-4894-B280-9FFDBC0CD7CD}.Release|iPhoneSimulator.Deploy.0 = Release|Any CPU
		{DAEF566D-25AE-4894-B280-9FFDBC0CD7CD}.Release|x64.ActiveCfg = Release|Any CPU
		{DAEF566D-25AE-4894-B280-9FFDBC0CD7CD}.Release|x64.Build.0 = Release|Any CPU
		{DAEF566D-25AE-4894-B280-9FFDBC0CD7CD}.Release|x64.Deploy.0 = Release|Any CPU
		{DAEF566D-25AE-4894-B280-9FFDBC0CD7CD}.Release|x86.ActiveCfg = Release|x86
		{DAEF566D-25AE-4894-B280-9FFDBC0CD7CD}.Release|x86.Build.0 = Release|x86
		{DAEF566D-25AE-4894-B280-9FFDBC0CD7CD}.Release|x86.Deploy.0 = Release|x86
		{E205F32E-24F2-4B73-B9F1-C474813D605B}.Ad-Hoc|Any CPU.ActiveCfg = Release|Any CPU
		{E205F32E-24F2-4B73-B9F1-C474813D605B}.Ad-Hoc|Any CPU.Build.0 = Release|Any CPU
		{E205F32E-24F2-4B73-B9F1-C474813D605B}.Ad-Hoc|ARM.ActiveCfg = Debug|Any CPU
		{E205F32E-24F2-4B73-B9F1-C474813D605B}.Ad-Hoc|iPhone.ActiveCfg = Debug|Any CPU
		{E205F32E-24F2-4B73-B9F1-C474813D605B}.Ad-Hoc|iPhone.Build.0 = Debug|Any CPU
		{E205F32E-24F2-4B73-B9F1-C474813D605B}.Ad-Hoc|iPhoneSimulator.ActiveCfg = Release|Any CPU
		{E205F32E-24F2-4B73-B9F1-C474813D605B}.Ad-Hoc|x64.ActiveCfg = Debug|Any CPU
		{E205F32E-24F2-4B73-B9F1-C474813D605B}.Ad-Hoc|x64.Build.0 = Debug|Any CPU
		{E205F32E-24F2-4B73-B9F1-C474813D605B}.Ad-Hoc|x86.ActiveCfg = Debug|Any CPU
		{E205F32E-24F2-4B73-B9F1-C474813D605B}.AppStore|Any CPU.ActiveCfg = Release|Any CPU
		{E205F32E-24F2-4B73-B9F1-C474813D605B}.AppStore|Any CPU.Build.0 = Release|Any CPU
		{E205F32E-24F2-4B73-B9F1-C474813D605B}.AppStore|ARM.ActiveCfg = Debug|Any CPU
		{E205F32E-24F2-4B73-B9F1-C474813D605B}.AppStore|iPhone.ActiveCfg = Debug|Any CPU
		{E205F32E-24F2-4B73-B9F1-C474813D605B}.AppStore|iPhone.Build.0 = Debug|Any CPU
		{E205F32E-24F2-4B73-B9F1-C474813D605B}.AppStore|iPhoneSimulator.ActiveCfg = Release|Any CPU
		{E205F32E-24F2-4B73-B9F1-C474813D605B}.AppStore|x64.ActiveCfg = Debug|Any CPU
		{E205F32E-24F2-4B73-B9F1-C474813D605B}.AppStore|x64.Build.0 = Debug|Any CPU
		{E205F32E-24F2-4B73-B9F1-C474813D605B}.AppStore|x86.ActiveCfg = Debug|Any CPU
		{E205F32E-24F2-4B73-B9F1-C474813D605B}.Debug|Any CPU.ActiveCfg = Debug|Any CPU
		{E205F32E-24F2-4B73-B9F1-C474813D605B}.Debug|Any CPU.Build.0 = Debug|Any CPU
		{E205F32E-24F2-4B73-B9F1-C474813D605B}.Debug|ARM.ActiveCfg = Debug|Any CPU
		{E205F32E-24F2-4B73-B9F1-C474813D605B}.Debug|ARM.Build.0 = Debug|Any CPU
		{E205F32E-24F2-4B73-B9F1-C474813D605B}.Debug|iPhone.ActiveCfg = Debug|Any CPU
		{E205F32E-24F2-4B73-B9F1-C474813D605B}.Debug|iPhone.Build.0 = Debug|Any CPU
		{E205F32E-24F2-4B73-B9F1-C474813D605B}.Debug|iPhoneSimulator.ActiveCfg = Debug|Any CPU
		{E205F32E-24F2-4B73-B9F1-C474813D605B}.Debug|iPhoneSimulator.Build.0 = Debug|Any CPU
		{E205F32E-24F2-4B73-B9F1-C474813D605B}.Debug|x64.ActiveCfg = Debug|Any CPU
		{E205F32E-24F2-4B73-B9F1-C474813D605B}.Debug|x64.Build.0 = Debug|Any CPU
		{E205F32E-24F2-4B73-B9F1-C474813D605B}.Debug|x86.ActiveCfg = Debug|Any CPU
		{E205F32E-24F2-4B73-B9F1-C474813D605B}.Debug|x86.Build.0 = Debug|Any CPU
		{E205F32E-24F2-4B73-B9F1-C474813D605B}.Release|Any CPU.ActiveCfg = Release|Any CPU
		{E205F32E-24F2-4B73-B9F1-C474813D605B}.Release|Any CPU.Build.0 = Release|Any CPU
		{E205F32E-24F2-4B73-B9F1-C474813D605B}.Release|ARM.ActiveCfg = Release|Any CPU
		{E205F32E-24F2-4B73-B9F1-C474813D605B}.Release|iPhone.ActiveCfg = Release|Any CPU
		{E205F32E-24F2-4B73-B9F1-C474813D605B}.Release|iPhone.Build.0 = Release|Any CPU
		{E205F32E-24F2-4B73-B9F1-C474813D605B}.Release|iPhoneSimulator.ActiveCfg = Release|Any CPU
		{E205F32E-24F2-4B73-B9F1-C474813D605B}.Release|iPhoneSimulator.Build.0 = Release|Any CPU
		{E205F32E-24F2-4B73-B9F1-C474813D605B}.Release|x64.ActiveCfg = Release|Any CPU
		{E205F32E-24F2-4B73-B9F1-C474813D605B}.Release|x64.Build.0 = Release|Any CPU
		{E205F32E-24F2-4B73-B9F1-C474813D605B}.Release|x86.ActiveCfg = Release|Any CPU
		{F83E128F-2EF0-469B-B5AF-F96279D45AB3}.Ad-Hoc|Any CPU.ActiveCfg = Release|Any CPU
		{F83E128F-2EF0-469B-B5AF-F96279D45AB3}.Ad-Hoc|Any CPU.Build.0 = Release|Any CPU
		{F83E128F-2EF0-469B-B5AF-F96279D45AB3}.Ad-Hoc|Any CPU.Deploy.0 = Release|Any CPU
		{F83E128F-2EF0-469B-B5AF-F96279D45AB3}.Ad-Hoc|ARM.ActiveCfg = Release|ARM
		{F83E128F-2EF0-469B-B5AF-F96279D45AB3}.Ad-Hoc|ARM.Build.0 = Release|ARM
		{F83E128F-2EF0-469B-B5AF-F96279D45AB3}.Ad-Hoc|ARM.Deploy.0 = Release|ARM
		{F83E128F-2EF0-469B-B5AF-F96279D45AB3}.Ad-Hoc|iPhone.ActiveCfg = Release|Any CPU
		{F83E128F-2EF0-469B-B5AF-F96279D45AB3}.Ad-Hoc|iPhone.Build.0 = Release|Any CPU
		{F83E128F-2EF0-469B-B5AF-F96279D45AB3}.Ad-Hoc|iPhone.Deploy.0 = Release|Any CPU
		{F83E128F-2EF0-469B-B5AF-F96279D45AB3}.Ad-Hoc|iPhoneSimulator.ActiveCfg = Release|Any CPU
		{F83E128F-2EF0-469B-B5AF-F96279D45AB3}.Ad-Hoc|iPhoneSimulator.Build.0 = Release|Any CPU
		{F83E128F-2EF0-469B-B5AF-F96279D45AB3}.Ad-Hoc|iPhoneSimulator.Deploy.0 = Release|Any CPU
		{F83E128F-2EF0-469B-B5AF-F96279D45AB3}.Ad-Hoc|x64.ActiveCfg = Release|x64
		{F83E128F-2EF0-469B-B5AF-F96279D45AB3}.Ad-Hoc|x64.Build.0 = Release|x64
		{F83E128F-2EF0-469B-B5AF-F96279D45AB3}.Ad-Hoc|x64.Deploy.0 = Release|x64
		{F83E128F-2EF0-469B-B5AF-F96279D45AB3}.Ad-Hoc|x86.ActiveCfg = Release|x86
		{F83E128F-2EF0-469B-B5AF-F96279D45AB3}.Ad-Hoc|x86.Build.0 = Release|x86
		{F83E128F-2EF0-469B-B5AF-F96279D45AB3}.Ad-Hoc|x86.Deploy.0 = Release|x86
		{F83E128F-2EF0-469B-B5AF-F96279D45AB3}.AppStore|Any CPU.ActiveCfg = Release|Any CPU
		{F83E128F-2EF0-469B-B5AF-F96279D45AB3}.AppStore|Any CPU.Build.0 = Release|Any CPU
		{F83E128F-2EF0-469B-B5AF-F96279D45AB3}.AppStore|Any CPU.Deploy.0 = Release|Any CPU
		{F83E128F-2EF0-469B-B5AF-F96279D45AB3}.AppStore|ARM.ActiveCfg = Release|ARM
		{F83E128F-2EF0-469B-B5AF-F96279D45AB3}.AppStore|ARM.Build.0 = Release|ARM
		{F83E128F-2EF0-469B-B5AF-F96279D45AB3}.AppStore|ARM.Deploy.0 = Release|ARM
		{F83E128F-2EF0-469B-B5AF-F96279D45AB3}.AppStore|iPhone.ActiveCfg = Release|Any CPU
		{F83E128F-2EF0-469B-B5AF-F96279D45AB3}.AppStore|iPhone.Build.0 = Release|Any CPU
		{F83E128F-2EF0-469B-B5AF-F96279D45AB3}.AppStore|iPhone.Deploy.0 = Release|Any CPU
		{F83E128F-2EF0-469B-B5AF-F96279D45AB3}.AppStore|iPhoneSimulator.ActiveCfg = Release|Any CPU
		{F83E128F-2EF0-469B-B5AF-F96279D45AB3}.AppStore|iPhoneSimulator.Build.0 = Release|Any CPU
		{F83E128F-2EF0-469B-B5AF-F96279D45AB3}.AppStore|iPhoneSimulator.Deploy.0 = Release|Any CPU
		{F83E128F-2EF0-469B-B5AF-F96279D45AB3}.AppStore|x64.ActiveCfg = Release|x64
		{F83E128F-2EF0-469B-B5AF-F96279D45AB3}.AppStore|x64.Build.0 = Release|x64
		{F83E128F-2EF0-469B-B5AF-F96279D45AB3}.AppStore|x64.Deploy.0 = Release|x64
		{F83E128F-2EF0-469B-B5AF-F96279D45AB3}.AppStore|x86.ActiveCfg = Release|x86
		{F83E128F-2EF0-469B-B5AF-F96279D45AB3}.AppStore|x86.Build.0 = Release|x86
		{F83E128F-2EF0-469B-B5AF-F96279D45AB3}.AppStore|x86.Deploy.0 = Release|x86
		{F83E128F-2EF0-469B-B5AF-F96279D45AB3}.Debug|Any CPU.ActiveCfg = Debug|Any CPU
		{F83E128F-2EF0-469B-B5AF-F96279D45AB3}.Debug|Any CPU.Build.0 = Debug|Any CPU
		{F83E128F-2EF0-469B-B5AF-F96279D45AB3}.Debug|Any CPU.Deploy.0 = Debug|Any CPU
		{F83E128F-2EF0-469B-B5AF-F96279D45AB3}.Debug|ARM.ActiveCfg = Debug|ARM
		{F83E128F-2EF0-469B-B5AF-F96279D45AB3}.Debug|ARM.Build.0 = Debug|ARM
		{F83E128F-2EF0-469B-B5AF-F96279D45AB3}.Debug|ARM.Deploy.0 = Debug|ARM
		{F83E128F-2EF0-469B-B5AF-F96279D45AB3}.Debug|iPhone.ActiveCfg = Debug|Any CPU
		{F83E128F-2EF0-469B-B5AF-F96279D45AB3}.Debug|iPhone.Build.0 = Debug|Any CPU
		{F83E128F-2EF0-469B-B5AF-F96279D45AB3}.Debug|iPhone.Deploy.0 = Debug|Any CPU
		{F83E128F-2EF0-469B-B5AF-F96279D45AB3}.Debug|iPhoneSimulator.ActiveCfg = Debug|Any CPU
		{F83E128F-2EF0-469B-B5AF-F96279D45AB3}.Debug|iPhoneSimulator.Build.0 = Debug|Any CPU
		{F83E128F-2EF0-469B-B5AF-F96279D45AB3}.Debug|iPhoneSimulator.Deploy.0 = Debug|Any CPU
		{F83E128F-2EF0-469B-B5AF-F96279D45AB3}.Debug|x64.ActiveCfg = Debug|x64
		{F83E128F-2EF0-469B-B5AF-F96279D45AB3}.Debug|x64.Build.0 = Debug|x64
		{F83E128F-2EF0-469B-B5AF-F96279D45AB3}.Debug|x64.Deploy.0 = Debug|x64
		{F83E128F-2EF0-469B-B5AF-F96279D45AB3}.Debug|x86.ActiveCfg = Debug|x86
		{F83E128F-2EF0-469B-B5AF-F96279D45AB3}.Debug|x86.Build.0 = Debug|x86
		{F83E128F-2EF0-469B-B5AF-F96279D45AB3}.Debug|x86.Deploy.0 = Debug|x86
		{F83E128F-2EF0-469B-B5AF-F96279D45AB3}.Release|Any CPU.ActiveCfg = Release|Any CPU
		{F83E128F-2EF0-469B-B5AF-F96279D45AB3}.Release|Any CPU.Build.0 = Release|Any CPU
		{F83E128F-2EF0-469B-B5AF-F96279D45AB3}.Release|Any CPU.Deploy.0 = Release|Any CPU
		{F83E128F-2EF0-469B-B5AF-F96279D45AB3}.Release|ARM.ActiveCfg = Release|ARM
		{F83E128F-2EF0-469B-B5AF-F96279D45AB3}.Release|ARM.Build.0 = Release|ARM
		{F83E128F-2EF0-469B-B5AF-F96279D45AB3}.Release|ARM.Deploy.0 = Release|ARM
		{F83E128F-2EF0-469B-B5AF-F96279D45AB3}.Release|iPhone.ActiveCfg = Release|Any CPU
		{F83E128F-2EF0-469B-B5AF-F96279D45AB3}.Release|iPhone.Build.0 = Release|Any CPU
		{F83E128F-2EF0-469B-B5AF-F96279D45AB3}.Release|iPhone.Deploy.0 = Release|Any CPU
		{F83E128F-2EF0-469B-B5AF-F96279D45AB3}.Release|iPhoneSimulator.ActiveCfg = Release|Any CPU
		{F83E128F-2EF0-469B-B5AF-F96279D45AB3}.Release|iPhoneSimulator.Build.0 = Release|Any CPU
		{F83E128F-2EF0-469B-B5AF-F96279D45AB3}.Release|iPhoneSimulator.Deploy.0 = Release|Any CPU
		{F83E128F-2EF0-469B-B5AF-F96279D45AB3}.Release|x64.ActiveCfg = Release|x64
		{F83E128F-2EF0-469B-B5AF-F96279D45AB3}.Release|x64.Build.0 = Release|x64
		{F83E128F-2EF0-469B-B5AF-F96279D45AB3}.Release|x64.Deploy.0 = Release|x64
		{F83E128F-2EF0-469B-B5AF-F96279D45AB3}.Release|x86.ActiveCfg = Release|x86
		{F83E128F-2EF0-469B-B5AF-F96279D45AB3}.Release|x86.Build.0 = Release|x86
		{F83E128F-2EF0-469B-B5AF-F96279D45AB3}.Release|x86.Deploy.0 = Release|x86
	EndGlobalSection
	GlobalSection(NestedProjects) = preSolution
		{BB2B74F2-81BF-4DDC-96D6-1F6226D70EFF} = {EE54189B-2D6E-4B28-896F-3AB4F4337EB0}
		{E205F32E-24F2-4B73-B9F1-C474813D605B} = {04D4FDCD-63D0-4BB2-A816-4DC8ABE8E99B}
		{A5AF8642-6542-445B-9BE8-610B4F4BBFCE} = {04D4FDCD-63D0-4BB2-A816-4DC8ABE8E99B}
		{C8E57538-8B6C-4BBE-BECE-C77DF342E022} = {CC75DB3F-0312-4BA0-A4B8-7FB9E657D635}
		{0C771503-FD14-436A-A7C0-E2DCE1D5FEC3} = {CC75DB3F-0312-4BA0-A4B8-7FB9E657D635}
		{1A2D9424-B0BD-49B9-93D7-81A1562F38EE} = {82B7E2EB-7602-4BC9-B02B-367E091E9C36}
		{F83E128F-2EF0-469B-B5AF-F96279D45AB3} = {82B7E2EB-7602-4BC9-B02B-367E091E9C36}
		{DAEF566D-25AE-4894-B280-9FFDBC0CD7CD} = {82B7E2EB-7602-4BC9-B02B-367E091E9C36}
	EndGlobalSection
	GlobalSection(MonoDevelopProperties) = preSolution
		StartupItem = JoyReactor.Ios\JoyReactor.Ios.csproj
		Policies = $0
		$0.DotNetNamingPolicy = $1
		$1.DirectoryNamespaceAssociation = PrefixedHierarchical
		$1.ResourceNamePolicy = FileFormatDefault
	EndGlobalSection
	GlobalSection(SharedMSBuildProjectFiles) = preSolution
		JoyReactor\JoyReactor.Shared\JoyReactor.Shared.projitems*{1a2d9424-b0bd-49b9-93d7-81a1562f38ee}*SharedItemsImports = 13
		JoyReactor\JoyReactor.Shared\JoyReactor.Shared.projitems*{f83e128f-2ef0-469b-b5af-f96279d45ab3}*SharedItemsImports = 4
		JoyReactor\JoyReactor.Shared\JoyReactor.Shared.projitems*{daef566d-25ae-4894-b280-9ffdbc0cd7cd}*SharedItemsImports = 4
	EndGlobalSection
	GlobalSection(SolutionProperties) = preSolution
		HideSolutionNode = FALSE
	EndGlobalSection
EndGlobal
